{
  "requires": true,
  "lockfileVersion": 1,
  "dependencies": {
    "geometry-formulas": {
      "version": "1.0.0",
      "resolved": "https://registry.npmjs.org/geometry-formulas/-/geometry-formulas-1.0.0.tgz",
      "integrity": "sha512-2uhjqxFRJYRusPkO/R3HcsOB1DlmmthAty+WADQQ/Pqz9LXyYfXiy34teQ6cJ8Xr+on3P7S+7kHeUjeYqsNM0A=="
    }
  }
}
